
Microsoft Visual Studio Solution File, Format Version 12.00
# Visual Studio 2013
VisualStudioVersion = 12.0.30723.0
MinimumVisualStudioVersion = 10.0.40219.1
Project("{FAE04EC0-301F-11D3-BF4B-00C04F79EFBC}") = "Graphite.Client", "Graphite.Client\Graphite.Client.csproj", "{FCCBEE89-0B3C-4046-BAF3-A99B0D10B3F5}"
EndProject
Project("{FAE04EC0-301F-11D3-BF4B-00C04F79EFBC}") = "Graphite", "Graphite.NET\Graphite\Graphite.csproj", "{77EACC5C-76B2-4E73-A2C7-95747C980305}"
EndProject
Project("{FAE04EC0-301F-11D3-BF4B-00C04F79EFBC}") = "Graphite.Client.Tests", "Graphite.Client.Tests\Graphite.Client.Tests.csproj", "{9BBD24F4-C9E1-4236-A6E3-5F04897CE578}"
EndProject
Global
	GlobalSection(SolutionConfigurationPlatforms) = preSolution
		Debug|Any CPU = Debug|Any CPU
		Release|Any CPU = Release|Any CPU
	EndGlobalSection
	GlobalSection(ProjectConfigurationPlatforms) = postSolution
		{FCCBEE89-0B3C-4046-BAF3-A99B0D10B3F5}.Debug|Any CPU.ActiveCfg = Debug|Any CPU
		{FCCBEE89-0B3C-4046-BAF3-A99B0D10B3F5}.Debug|Any CPU.Build.0 = Debug|Any CPU
		{FCCBEE89-0B3C-4046-BAF3-A99B0D10B3F5}.Release|Any CPU.ActiveCfg = Release|Any CPU
		{FCCBEE89-0B3C-4046-BAF3-A99B0D10B3F5}.Release|Any CPU.Build.0 = Release|Any CPU
		{77EACC5C-76B2-4E73-A2C7-95747C980305}.Debug|Any CPU.ActiveCfg = Debug|Any CPU
		{77EACC5C-76B2-4E73-A2C7-95747C980305}.Debug|Any CPU.Build.0 = Debug|Any CPU
		{77EACC5C-76B2-4E73-A2C7-95747C980305}.Release|Any CPU.ActiveCfg = Release|Any CPU
		{77EACC5C-76B2-4E73-A2C7-95747C980305}.Release|Any CPU.Build.0 = Release|Any CPU
		{9BBD24F4-C9E1-4236-A6E3-5F04897CE578}.Debug|Any CPU.ActiveCfg = Debug|Any CPU
		{9BBD24F4-C9E1-4236-A6E3-5F04897CE578}.Debug|Any CPU.Build.0 = Debug|Any CPU
		{9BBD24F4-C9E1-4236-A6E3-5F04897CE578}.Release|Any CPU.ActiveCfg = Release|Any CPU
		{9BBD24F4-C9E1-4236-A6E3-5F04897CE578}.Release|Any CPU.Build.0 = Release|Any CPU
	EndGlobalSection
	GlobalSection(SolutionProperties) = preSolution
		HideSolutionNode = FALSE
	EndGlobalSection
EndGlobal
